
Microsoft Visual Studio Solution File, Format Version 12.00
# Visual Studio 15
VisualStudioVersion = 15.0.26430.14
MinimumVisualStudioVersion = 10.0.40219.1
Project("{D954291E-2A0B-460D-934E-DC6B0785DB48}") = "App1", "App1\App1\App1.shproj", "{EFC033FC-964C-4348-81F6-B0F1DEDEAAE1}"
EndProject
Project("{FAE04EC0-301F-11D3-BF4B-00C04F79EFBC}") = "App1.Android", "App1\App1.Android\App1.Android.csproj", "{71825030-C855-437A-9F15-02E8C1056049}"
EndProject
Project("{FAE04EC0-301F-11D3-BF4B-00C04F79EFBC}") = "App1.iOS", "App1\App1.iOS\App1.iOS.csproj", "{8C28188E-27C9-47AC-B8C4-3DE31468276E}"
EndProject
Global
	GlobalSection(SharedMSBuildProjectFiles) = preSolution
		App1\App1\App1.projitems*{8c28188e-27c9-47ac-b8c4-3de31468276e}*SharedItemsImports = 4
		App1\App1\App1.projitems*{efc033fc-964c-4348-81f6-b0f1dedeaae1}*SharedItemsImports = 13
	EndGlobalSection
	GlobalSection(SolutionConfigurationPlatforms) = preSolution
		Debug|Any CPU = Debug|Any CPU
		Debug|iPhone = Debug|iPhone
		Debug|iPhoneSimulator = Debug|iPhoneSimulator
		Release|Any CPU = Release|Any CPU
		Release|iPhone = Release|iPhone
		Release|iPhoneSimulator = Release|iPhoneSimulator
	EndGlobalSection
	GlobalSection(ProjectConfigurationPlatforms) = postSolution
		{71825030-C855-437A-9F15-02E8C1056049}.Debug|Any CPU.ActiveCfg = Debug|Any CPU
		{71825030-C855-437A-9F15-02E8C1056049}.Debug|Any CPU.Build.0 = Debug|Any CPU
		{71825030-C855-437A-9F15-02E8C1056049}.Debug|Any CPU.Deploy.0 = Debug|Any CPU
		{71825030-C855-437A-9F15-02E8C1056049}.Debug|iPhone.ActiveCfg = Debug|Any CPU
		{71825030-C855-437A-9F15-02E8C1056049}.Debug|iPhone.Build.0 = Debug|Any CPU
		{71825030-C855-437A-9F15-02E8C1056049}.Debug|iPhone.Deploy.0 = Debug|Any CPU
		{71825030-C855-437A-9F15-02E8C1056049}.Debug|iPhoneSimulator.ActiveCfg = Debug|Any CPU
		{71825030-C855-437A-9F15-02E8C1056049}.Debug|iPhoneSimulator.Build.0 = Debug|Any CPU
		{71825030-C855-437A-9F15-02E8C1056049}.Debug|iPhoneSimulator.Deploy.0 = Debug|Any CPU
		{71825030-C855-437A-9F15-02E8C1056049}.Release|Any CPU.ActiveCfg = Release|Any CPU
		{71825030-C855-437A-9F15-02E8C1056049}.Release|Any CPU.Build.0 = Release|Any CPU
		{71825030-C855-437A-9F15-02E8C1056049}.Release|Any CPU.Deploy.0 = Release|Any CPU
		{71825030-C855-437A-9F15-02E8C1056049}.Release|iPhone.ActiveCfg = Release|Any CPU
		{71825030-C855-437A-9F15-02E8C1056049}.Release|iPhone.Build.0 = Release|Any CPU
		{71825030-C855-437A-9F15-02E8C1056049}.Release|iPhone.Deploy.0 = Release|Any CPU
		{71825030-C855-437A-9F15-02E8C1056049}.Release|iPhoneSimulator.ActiveCfg = Release|Any CPU
		{71825030-C855-437A-9F15-02E8C1056049}.Release|iPhoneSimulator.Build.0 = Release|Any CPU
		{71825030-C855-437A-9F15-02E8C1056049}.Release|iPhoneSimulator.Deploy.0 = Release|Any CPU
		{8C28188E-27C9-47AC-B8C4-3DE31468276E}.Debug|Any CPU.ActiveCfg = Debug|iPhone
		{8C28188E-27C9-47AC-B8C4-3DE31468276E}.Debug|iPhone.ActiveCfg = Debug|iPhone
		{8C28188E-27C9-47AC-B8C4-3DE31468276E}.Debug|iPhone.Build.0 = Debug|iPhone
		{8C28188E-27C9-47AC-B8C4-3DE31468276E}.Debug|iPhoneSimulator.ActiveCfg = Debug|iPhoneSimulator
		{8C28188E-27C9-47AC-B8C4-3DE31468276E}.Debug|iPhoneSimulator.Build.0 = Debug|iPhoneSimulator
		{8C28188E-27C9-47AC-B8C4-3DE31468276E}.Release|Any CPU.ActiveCfg = Release|iPhone
		{8C28188E-27C9-47AC-B8C4-3DE31468276E}.Release|iPhone.ActiveCfg = Release|iPhone
		{8C28188E-27C9-47AC-B8C4-3DE31468276E}.Release|iPhone.Build.0 = Release|iPhone
		{8C28188E-27C9-47AC-B8C4-3DE31468276E}.Release|iPhoneSimulator.ActiveCfg = Release|iPhoneSimulator
		{8C28188E-27C9-47AC-B8C4-3DE31468276E}.Release|iPhoneSimulator.Build.0 = Release|iPhoneSimulator
	EndGlobalSection
	GlobalSection(SolutionProperties) = preSolution
		HideSolutionNode = FALSE
	EndGlobalSection
EndGlobal
